// !$*UTF8*$!
{
	archiveVersion = 1;
	classes = {
	};
	objectVersion = 50;
	objects = {

/* Begin PBXBuildFile section */
		852BED5524C22AA50073E9E7 /* MainNavigationBarDelegate.swift in Sources */ = {isa = PBXBuildFile; fileRef = 852BED5424C22AA50073E9E7 /* MainNavigationBarDelegate.swift */; };
		853D01AD24BD08AE00B96111 /* KeysConstants.swift in Sources */ = {isa = PBXBuildFile; fileRef = 853D01AC24BD08AE00B96111 /* KeysConstants.swift */; };
		853D01AF24BD092600B96111 /* Endpoints.swift in Sources */ = {isa = PBXBuildFile; fileRef = 853D01AE24BD092600B96111 /* Endpoints.swift */; };
		855901DF24BFA927004676D2 /* ConfirmView.swift in Sources */ = {isa = PBXBuildFile; fileRef = 855901DE24BFA927004676D2 /* ConfirmView.swift */; };
		855901E124BFA93A004676D2 /* ConfirmView.xib in Resources */ = {isa = PBXBuildFile; fileRef = 855901E024BFA93A004676D2 /* ConfirmView.xib */; };
		855901E324BFA956004676D2 /* ErrorView.swift in Sources */ = {isa = PBXBuildFile; fileRef = 855901E224BFA956004676D2 /* ErrorView.swift */; };
		855901E524BFA966004676D2 /* ErrorView.xib in Resources */ = {isa = PBXBuildFile; fileRef = 855901E424BFA966004676D2 /* ErrorView.xib */; };
		855A4E0D24C2381E00924233 /* Worker.swift in Sources */ = {isa = PBXBuildFile; fileRef = 855A4E0C24C2381E00924233 /* Worker.swift */; };
		855A4E0F24C2385C00924233 /* PaymentMethodsWorker.swift in Sources */ = {isa = PBXBuildFile; fileRef = 855A4E0E24C2385C00924233 /* PaymentMethodsWorker.swift */; };
		855F143924BF4B9400E94E23 /* AmountView.xib in Resources */ = {isa = PBXBuildFile; fileRef = 855F143824BF4B9400E94E23 /* AmountView.xib */; };
		855F143B24BF4BB500E94E23 /* AmountView.swift in Sources */ = {isa = PBXBuildFile; fileRef = 855F143A24BF4BB500E94E23 /* AmountView.swift */; };
		855F143D24BF4C2100E94E23 /* BanksView.swift in Sources */ = {isa = PBXBuildFile; fileRef = 855F143C24BF4C2100E94E23 /* BanksView.swift */; };
		855F143F24BF4C3300E94E23 /* BanksView.xib in Resources */ = {isa = PBXBuildFile; fileRef = 855F143E24BF4C3300E94E23 /* BanksView.xib */; };
		855F144224BF4C5E00E94E23 /* InstallmentsView.xib in Resources */ = {isa = PBXBuildFile; fileRef = 855F144124BF4C5E00E94E23 /* InstallmentsView.xib */; };
		855F144424BF4C7A00E94E23 /* InstallmentsView.swift in Sources */ = {isa = PBXBuildFile; fileRef = 855F144324BF4C7A00E94E23 /* InstallmentsView.swift */; };
		855F144624BF4CAE00E94E23 /* PaymentMethodsView.swift in Sources */ = {isa = PBXBuildFile; fileRef = 855F144524BF4CAE00E94E23 /* PaymentMethodsView.swift */; };
		855F144824BF4CBF00E94E23 /* PaymentMethodsView.xib in Resources */ = {isa = PBXBuildFile; fileRef = 855F144724BF4CBF00E94E23 /* PaymentMethodsView.xib */; };
		855F144B24BF4CFF00E94E23 /* SuccessView.swift in Sources */ = {isa = PBXBuildFile; fileRef = 855F144A24BF4CFF00E94E23 /* SuccessView.swift */; };
		855F144D24BF4D1700E94E23 /* SuccessView.xib in Resources */ = {isa = PBXBuildFile; fileRef = 855F144C24BF4D1700E94E23 /* SuccessView.xib */; };
		85690E0D24C10D7D00C84078 /* PaymentMethodsDataModel.swift in Sources */ = {isa = PBXBuildFile; fileRef = 85690E0C24C10D7D00C84078 /* PaymentMethodsDataModel.swift */; };
		856D111E24BFD17C00BC5785 /* NibLoadable.swift in Sources */ = {isa = PBXBuildFile; fileRef = 856D111D24BFD17C00BC5785 /* NibLoadable.swift */; };
		856D112024BFD8AC00BC5785 /* Hideable.swift in Sources */ = {isa = PBXBuildFile; fileRef = 856D111F24BFD8AC00BC5785 /* Hideable.swift */; };
		859EB4A524C223A800C1DC31 /* MainNavigationBar.xib in Resources */ = {isa = PBXBuildFile; fileRef = 859EB4A424C223A800C1DC31 /* MainNavigationBar.xib */; };
		859EB4A724C228B400C1DC31 /* MainNavigationBar.swift in Sources */ = {isa = PBXBuildFile; fileRef = 859EB4A624C228B400C1DC31 /* MainNavigationBar.swift */; };
		85BBF62524C110C3001092B4 /* URLSession+extension.swift in Sources */ = {isa = PBXBuildFile; fileRef = 85BBF62424C110C3001092B4 /* URLSession+extension.swift */; };
		85E1887824BE26DD0020679A /* EnpointsTests.swift in Sources */ = {isa = PBXBuildFile; fileRef = 85E1887724BE26DD0020679A /* EnpointsTests.swift */; };
		85EB4ED624B979560080E85B /* Architecture.swift in Sources */ = {isa = PBXBuildFile; fileRef = 85EB4ED524B979560080E85B /* Architecture.swift */; };
		85EB4ED824B979B20080E85B /* MainContracts.swift in Sources */ = {isa = PBXBuildFile; fileRef = 85EB4ED724B979B20080E85B /* MainContracts.swift */; };
		85EB4EDA24B97AAA0080E85B /* MainConfigurator.swift in Sources */ = {isa = PBXBuildFile; fileRef = 85EB4ED924B97AAA0080E85B /* MainConfigurator.swift */; };
		85EE851024B9828E00F8C386 /* MainInteractor.swift in Sources */ = {isa = PBXBuildFile; fileRef = 85EE850F24B9828E00F8C386 /* MainInteractor.swift */; };
		85EE851224B9830C00F8C386 /* MainPresenter.swift in Sources */ = {isa = PBXBuildFile; fileRef = 85EE851124B9830C00F8C386 /* MainPresenter.swift */; };
		85EE851424B983BF00F8C386 /* MainRouter.swift in Sources */ = {isa = PBXBuildFile; fileRef = 85EE851324B983BF00F8C386 /* MainRouter.swift */; };
		85EE851A24B98B2C00F8C386 /* MainModels.swift in Sources */ = {isa = PBXBuildFile; fileRef = 85EE851924B98B2C00F8C386 /* MainModels.swift */; };
		85F33DDB24B976A7000F4732 /* AppDelegate.swift in Sources */ = {isa = PBXBuildFile; fileRef = 85F33DDA24B976A7000F4732 /* AppDelegate.swift */; };
		85F33DDD24B976A7000F4732 /* SceneDelegate.swift in Sources */ = {isa = PBXBuildFile; fileRef = 85F33DDC24B976A7000F4732 /* SceneDelegate.swift */; };
		85F33DDF24B976A7000F4732 /* MainViewController.swift in Sources */ = {isa = PBXBuildFile; fileRef = 85F33DDE24B976A7000F4732 /* MainViewController.swift */; };
		85F33DE224B976A7000F4732 /* Main.storyboard in Resources */ = {isa = PBXBuildFile; fileRef = 85F33DE024B976A7000F4732 /* Main.storyboard */; };
		85F33DE424B976A9000F4732 /* Assets.xcassets in Resources */ = {isa = PBXBuildFile; fileRef = 85F33DE324B976A9000F4732 /* Assets.xcassets */; };
		85F33DE724B976A9000F4732 /* LaunchScreen.storyboard in Resources */ = {isa = PBXBuildFile; fileRef = 85F33DE524B976A9000F4732 /* LaunchScreen.storyboard */; };
		85F33DFD24B976A9000F4732 /* SwiftVIPBaseProjectUITests.swift in Sources */ = {isa = PBXBuildFile; fileRef = 85F33DFC24B976A9000F4732 /* SwiftVIPBaseProjectUITests.swift */; };
/* End PBXBuildFile section */

/* Begin PBXContainerItemProxy section */
		85F33DEE24B976A9000F4732 /* PBXContainerItemProxy */ = {
			isa = PBXContainerItemProxy;
			containerPortal = 85F33DCF24B976A7000F4732 /* Project object */;
			proxyType = 1;
			remoteGlobalIDString = 85F33DD624B976A7000F4732;
			remoteInfo = SwiftVIPBaseProject;
		};
		85F33DF924B976A9000F4732 /* PBXContainerItemProxy */ = {
			isa = PBXContainerItemProxy;
			containerPortal = 85F33DCF24B976A7000F4732 /* Project object */;
			proxyType = 1;
			remoteGlobalIDString = 85F33DD624B976A7000F4732;
			remoteInfo = SwiftVIPBaseProject;
		};
/* End PBXContainerItemProxy section */

/* Begin PBXFileReference section */
		852BED5424C22AA50073E9E7 /* MainNavigationBarDelegate.swift */ = {isa = PBXFileReference; lastKnownFileType = sourcecode.swift; path = MainNavigationBarDelegate.swift; sourceTree = "<group>"; };
		853D01AC24BD08AE00B96111 /* KeysConstants.swift */ = {isa = PBXFileReference; lastKnownFileType = sourcecode.swift; path = KeysConstants.swift; sourceTree = "<group>"; };
		853D01AE24BD092600B96111 /* Endpoints.swift */ = {isa = PBXFileReference; lastKnownFileType = sourcecode.swift; path = Endpoints.swift; sourceTree = "<group>"; };
		855901DE24BFA927004676D2 /* ConfirmView.swift */ = {isa = PBXFileReference; lastKnownFileType = sourcecode.swift; path = ConfirmView.swift; sourceTree = "<group>"; };
		855901E024BFA93A004676D2 /* ConfirmView.xib */ = {isa = PBXFileReference; lastKnownFileType = file.xib; path = ConfirmView.xib; sourceTree = "<group>"; };
		855901E224BFA956004676D2 /* ErrorView.swift */ = {isa = PBXFileReference; lastKnownFileType = sourcecode.swift; path = ErrorView.swift; sourceTree = "<group>"; };
		855901E424BFA966004676D2 /* ErrorView.xib */ = {isa = PBXFileReference; lastKnownFileType = file.xib; path = ErrorView.xib; sourceTree = "<group>"; };
		855A4E0C24C2381E00924233 /* Worker.swift */ = {isa = PBXFileReference; lastKnownFileType = sourcecode.swift; path = Worker.swift; sourceTree = "<group>"; };
		855A4E0E24C2385C00924233 /* PaymentMethodsWorker.swift */ = {isa = PBXFileReference; lastKnownFileType = sourcecode.swift; path = PaymentMethodsWorker.swift; sourceTree = "<group>"; };
		855F143824BF4B9400E94E23 /* AmountView.xib */ = {isa = PBXFileReference; lastKnownFileType = file.xib; path = AmountView.xib; sourceTree = "<group>"; };
		855F143A24BF4BB500E94E23 /* AmountView.swift */ = {isa = PBXFileReference; lastKnownFileType = sourcecode.swift; path = AmountView.swift; sourceTree = "<group>"; };
		855F143C24BF4C2100E94E23 /* BanksView.swift */ = {isa = PBXFileReference; lastKnownFileType = sourcecode.swift; path = BanksView.swift; sourceTree = "<group>"; };
		855F143E24BF4C3300E94E23 /* BanksView.xib */ = {isa = PBXFileReference; lastKnownFileType = file.xib; path = BanksView.xib; sourceTree = "<group>"; };
		855F144124BF4C5E00E94E23 /* InstallmentsView.xib */ = {isa = PBXFileReference; lastKnownFileType = file.xib; path = InstallmentsView.xib; sourceTree = "<group>"; };
		855F144324BF4C7A00E94E23 /* InstallmentsView.swift */ = {isa = PBXFileReference; lastKnownFileType = sourcecode.swift; path = InstallmentsView.swift; sourceTree = "<group>"; };
		855F144524BF4CAE00E94E23 /* PaymentMethodsView.swift */ = {isa = PBXFileReference; lastKnownFileType = sourcecode.swift; path = PaymentMethodsView.swift; sourceTree = "<group>"; };
		855F144724BF4CBF00E94E23 /* PaymentMethodsView.xib */ = {isa = PBXFileReference; lastKnownFileType = file.xib; path = PaymentMethodsView.xib; sourceTree = "<group>"; };
		855F144A24BF4CFF00E94E23 /* SuccessView.swift */ = {isa = PBXFileReference; lastKnownFileType = sourcecode.swift; path = SuccessView.swift; sourceTree = "<group>"; };
		855F144C24BF4D1700E94E23 /* SuccessView.xib */ = {isa = PBXFileReference; lastKnownFileType = file.xib; path = SuccessView.xib; sourceTree = "<group>"; };
		85690E0C24C10D7D00C84078 /* PaymentMethodsDataModel.swift */ = {isa = PBXFileReference; lastKnownFileType = sourcecode.swift; path = PaymentMethodsDataModel.swift; sourceTree = "<group>"; };
		856D111D24BFD17C00BC5785 /* NibLoadable.swift */ = {isa = PBXFileReference; lastKnownFileType = sourcecode.swift; path = NibLoadable.swift; sourceTree = "<group>"; };
		856D111F24BFD8AC00BC5785 /* Hideable.swift */ = {isa = PBXFileReference; lastKnownFileType = sourcecode.swift; path = Hideable.swift; sourceTree = "<group>"; };
		859EB4A424C223A800C1DC31 /* MainNavigationBar.xib */ = {isa = PBXFileReference; lastKnownFileType = file.xib; path = MainNavigationBar.xib; sourceTree = "<group>"; };
		859EB4A624C228B400C1DC31 /* MainNavigationBar.swift */ = {isa = PBXFileReference; lastKnownFileType = sourcecode.swift; path = MainNavigationBar.swift; sourceTree = "<group>"; };
		85BBF62424C110C3001092B4 /* URLSession+extension.swift */ = {isa = PBXFileReference; lastKnownFileType = sourcecode.swift; path = "URLSession+extension.swift"; sourceTree = "<group>"; };
		85E1887724BE26DD0020679A /* EnpointsTests.swift */ = {isa = PBXFileReference; lastKnownFileType = sourcecode.swift; path = EnpointsTests.swift; sourceTree = "<group>"; };
		85EB4ED524B979560080E85B /* Architecture.swift */ = {isa = PBXFileReference; lastKnownFileType = sourcecode.swift; path = Architecture.swift; sourceTree = "<group>"; };
		85EB4ED724B979B20080E85B /* MainContracts.swift */ = {isa = PBXFileReference; lastKnownFileType = sourcecode.swift; path = MainContracts.swift; sourceTree = "<group>"; };
		85EB4ED924B97AAA0080E85B /* MainConfigurator.swift */ = {isa = PBXFileReference; lastKnownFileType = sourcecode.swift; path = MainConfigurator.swift; sourceTree = "<group>"; };
		85EE850F24B9828E00F8C386 /* MainInteractor.swift */ = {isa = PBXFileReference; lastKnownFileType = sourcecode.swift; path = MainInteractor.swift; sourceTree = "<group>"; };
		85EE851124B9830C00F8C386 /* MainPresenter.swift */ = {isa = PBXFileReference; lastKnownFileType = sourcecode.swift; path = MainPresenter.swift; sourceTree = "<group>"; };
		85EE851324B983BF00F8C386 /* MainRouter.swift */ = {isa = PBXFileReference; lastKnownFileType = sourcecode.swift; path = MainRouter.swift; sourceTree = "<group>"; };
		85EE851924B98B2C00F8C386 /* MainModels.swift */ = {isa = PBXFileReference; lastKnownFileType = sourcecode.swift; path = MainModels.swift; sourceTree = "<group>"; };
		85F33DD724B976A7000F4732 /* PaymentTool.app */ = {isa = PBXFileReference; explicitFileType = wrapper.application; includeInIndex = 0; path = PaymentTool.app; sourceTree = BUILT_PRODUCTS_DIR; };
		85F33DDA24B976A7000F4732 /* AppDelegate.swift */ = {isa = PBXFileReference; lastKnownFileType = sourcecode.swift; path = AppDelegate.swift; sourceTree = "<group>"; };
		85F33DDC24B976A7000F4732 /* SceneDelegate.swift */ = {isa = PBXFileReference; lastKnownFileType = sourcecode.swift; path = SceneDelegate.swift; sourceTree = "<group>"; };
		85F33DDE24B976A7000F4732 /* MainViewController.swift */ = {isa = PBXFileReference; lastKnownFileType = sourcecode.swift; path = MainViewController.swift; sourceTree = "<group>"; };
		85F33DE124B976A7000F4732 /* Base */ = {isa = PBXFileReference; lastKnownFileType = file.storyboard; name = Base; path = Base.lproj/Main.storyboard; sourceTree = "<group>"; };
		85F33DE324B976A9000F4732 /* Assets.xcassets */ = {isa = PBXFileReference; lastKnownFileType = folder.assetcatalog; path = Assets.xcassets; sourceTree = "<group>"; };
		85F33DE624B976A9000F4732 /* Base */ = {isa = PBXFileReference; lastKnownFileType = file.storyboard; name = Base; path = Base.lproj/LaunchScreen.storyboard; sourceTree = "<group>"; };
		85F33DE824B976A9000F4732 /* Info.plist */ = {isa = PBXFileReference; lastKnownFileType = text.plist.xml; path = Info.plist; sourceTree = "<group>"; };
		85F33DED24B976A9000F4732 /* PaymentToolTests.xctest */ = {isa = PBXFileReference; explicitFileType = wrapper.cfbundle; includeInIndex = 0; path = PaymentToolTests.xctest; sourceTree = BUILT_PRODUCTS_DIR; };
		85F33DF324B976A9000F4732 /* Info.plist */ = {isa = PBXFileReference; lastKnownFileType = text.plist.xml; path = Info.plist; sourceTree = "<group>"; };
		85F33DF824B976A9000F4732 /* PaymentToolUITests.xctest */ = {isa = PBXFileReference; explicitFileType = wrapper.cfbundle; includeInIndex = 0; path = PaymentToolUITests.xctest; sourceTree = BUILT_PRODUCTS_DIR; };
		85F33DFC24B976A9000F4732 /* SwiftVIPBaseProjectUITests.swift */ = {isa = PBXFileReference; lastKnownFileType = sourcecode.swift; path = SwiftVIPBaseProjectUITests.swift; sourceTree = "<group>"; };
		85F33DFE24B976A9000F4732 /* Info.plist */ = {isa = PBXFileReference; lastKnownFileType = text.plist.xml; path = Info.plist; sourceTree = "<group>"; };
/* End PBXFileReference section */

/* Begin PBXFrameworksBuildPhase section */
		85F33DD424B976A7000F4732 /* Frameworks */ = {
			isa = PBXFrameworksBuildPhase;
			buildActionMask = 2147483647;
			files = (
			);
			runOnlyForDeploymentPostprocessing = 0;
		};
		85F33DEA24B976A9000F4732 /* Frameworks */ = {
			isa = PBXFrameworksBuildPhase;
			buildActionMask = 2147483647;
			files = (
			);
			runOnlyForDeploymentPostprocessing = 0;
		};
		85F33DF524B976A9000F4732 /* Frameworks */ = {
			isa = PBXFrameworksBuildPhase;
			buildActionMask = 2147483647;
			files = (
			);
			runOnlyForDeploymentPostprocessing = 0;
		};
/* End PBXFrameworksBuildPhase section */

/* Begin PBXGroup section */
		853D01AB24BD087400B96111 /* Constants */ = {
			isa = PBXGroup;
			children = (
				853D01AC24BD08AE00B96111 /* KeysConstants.swift */,
				853D01AE24BD092600B96111 /* Endpoints.swift */,
			);
			path = Constants;
			sourceTree = "<group>";
		};
		855901DC24BFA8FB004676D2 /* ConfirmView */ = {
			isa = PBXGroup;
			children = (
				855901DE24BFA927004676D2 /* ConfirmView.swift */,
				855901E024BFA93A004676D2 /* ConfirmView.xib */,
			);
			path = ConfirmView;
			sourceTree = "<group>";
		};
		855901DD24BFA90A004676D2 /* ErrorView */ = {
			isa = PBXGroup;
			children = (
				855901E224BFA956004676D2 /* ErrorView.swift */,
				855901E424BFA966004676D2 /* ErrorView.xib */,
			);
			path = ErrorView;
			sourceTree = "<group>";
		};
		855901E624BFC2C8004676D2 /* Contracts */ = {
			isa = PBXGroup;
			children = (
				856D111D24BFD17C00BC5785 /* NibLoadable.swift */,
				856D111F24BFD8AC00BC5785 /* Hideable.swift */,
				852BED5424C22AA50073E9E7 /* MainNavigationBarDelegate.swift */,
			);
			path = Contracts;
			sourceTree = "<group>";
		};
		855A4E0924C237AD00924233 /* Workers */ = {
			isa = PBXGroup;
			children = (
				855A4E0C24C2381E00924233 /* Worker.swift */,
				855A4E0E24C2385C00924233 /* PaymentMethodsWorker.swift */,
			);
			path = Workers;
			sourceTree = "<group>";
		};
		855F143524BF4B2800E94E23 /* BanksView */ = {
			isa = PBXGroup;
			children = (
				855F143C24BF4C2100E94E23 /* BanksView.swift */,
				855F143E24BF4C3300E94E23 /* BanksView.xib */,
			);
			path = BanksView;
			sourceTree = "<group>";
		};
		855F143624BF4B5C00E94E23 /* InstallmentsView */ = {
			isa = PBXGroup;
			children = (
				855F144324BF4C7A00E94E23 /* InstallmentsView.swift */,
				855F144124BF4C5E00E94E23 /* InstallmentsView.xib */,
			);
			path = InstallmentsView;
			sourceTree = "<group>";
		};
		855F143724BF4B6B00E94E23 /* SuccessView */ = {
			isa = PBXGroup;
			children = (
				855F144A24BF4CFF00E94E23 /* SuccessView.swift */,
				855F144C24BF4D1700E94E23 /* SuccessView.xib */,
			);
			path = SuccessView;
			sourceTree = "<group>";
		};
		859E141724BE5D2B009EFE43 /* SupportingViews */ = {
			isa = PBXGroup;
			children = (
				859EB4A124C2233E00C1DC31 /* MainNavigationBar */,
				855901E624BFC2C8004676D2 /* Contracts */,
				859E141824BE5D3C009EFE43 /* AmountView */,
				855F143524BF4B2800E94E23 /* BanksView */,
				855901DC24BFA8FB004676D2 /* ConfirmView */,
				855901DD24BFA90A004676D2 /* ErrorView */,
				855F143624BF4B5C00E94E23 /* InstallmentsView */,
				859E141924BE5D67009EFE43 /* PaymentMethodsView */,
				855F143724BF4B6B00E94E23 /* SuccessView */,
			);
			path = SupportingViews;
			sourceTree = "<group>";
		};
		859E141824BE5D3C009EFE43 /* AmountView */ = {
			isa = PBXGroup;
			children = (
				855F143A24BF4BB500E94E23 /* AmountView.swift */,
				855F143824BF4B9400E94E23 /* AmountView.xib */,
			);
			path = AmountView;
			sourceTree = "<group>";
		};
		859E141924BE5D67009EFE43 /* PaymentMethodsView */ = {
			isa = PBXGroup;
			children = (
				855F144524BF4CAE00E94E23 /* PaymentMethodsView.swift */,
				855F144724BF4CBF00E94E23 /* PaymentMethodsView.xib */,
			);
			path = PaymentMethodsView;
			sourceTree = "<group>";
		};
		859EB4A124C2233E00C1DC31 /* MainNavigationBar */ = {
			isa = PBXGroup;
			children = (
				859EB4A624C228B400C1DC31 /* MainNavigationBar.swift */,
				859EB4A424C223A800C1DC31 /* MainNavigationBar.xib */,
			);
			path = MainNavigationBar;
			sourceTree = "<group>";
		};
		85BBF62324C1107E001092B4 /* Extensions */ = {
			isa = PBXGroup;
			children = (
				85BBF62424C110C3001092B4 /* URLSession+extension.swift */,
			);
			path = Extensions;
			sourceTree = "<group>";
		};
		85EB4ED024B9788B0080E85B /* Screens */ = {
			isa = PBXGroup;
			children = (
				85EB4ED424B9791D0080E85B /* Main */,
			);
			path = Screens;
			sourceTree = "<group>";
		};
		85EB4ED124B978970080E85B /* SupportingObjects */ = {
			isa = PBXGroup;
			children = (
				853D01AB24BD087400B96111 /* Constants */,
				85EE851724B98B1400F8C386 /* Models */,
			);
			path = SupportingObjects;
			sourceTree = "<group>";
		};
		85EB4ED224B978DB0080E85B /* Contracts */ = {
			isa = PBXGroup;
			children = (
				85EB4ED524B979560080E85B /* Architecture.swift */,
			);
			path = Contracts;
			sourceTree = "<group>";
		};
		85EB4ED424B9791D0080E85B /* Main */ = {
			isa = PBXGroup;
			children = (
				859E141724BE5D2B009EFE43 /* SupportingViews */,
				85EB4ED924B97AAA0080E85B /* MainConfigurator.swift */,
				85EE851324B983BF00F8C386 /* MainRouter.swift */,
				85EB4ED724B979B20080E85B /* MainContracts.swift */,
				85EE850F24B9828E00F8C386 /* MainInteractor.swift */,
				85EE851124B9830C00F8C386 /* MainPresenter.swift */,
				85F33DDE24B976A7000F4732 /* MainViewController.swift */,
			);
			path = Main;
			sourceTree = "<group>";
		};
		85EE851724B98B1400F8C386 /* Models */ = {
			isa = PBXGroup;
			children = (
				85EE851824B98B1D00F8C386 /* Main */,
			);
			path = Models;
			sourceTree = "<group>";
		};
		85EE851824B98B1D00F8C386 /* Main */ = {
			isa = PBXGroup;
			children = (
				85EE851924B98B2C00F8C386 /* MainModels.swift */,
				85690E0C24C10D7D00C84078 /* PaymentMethodsDataModel.swift */,
			);
			path = Main;
			sourceTree = "<group>";
		};
		85F33DCE24B976A7000F4732 = {
			isa = PBXGroup;
			children = (
				85F33DD924B976A7000F4732 /* PaymentTool */,
				85F33DF024B976A9000F4732 /* PaymentToolTests */,
				85F33DFB24B976A9000F4732 /* PaymentToolUITests */,
				85F33DD824B976A7000F4732 /* Products */,
			);
			sourceTree = "<group>";
		};
		85F33DD824B976A7000F4732 /* Products */ = {
			isa = PBXGroup;
			children = (
				85F33DD724B976A7000F4732 /* PaymentTool.app */,
				85F33DED24B976A9000F4732 /* PaymentToolTests.xctest */,
				85F33DF824B976A9000F4732 /* PaymentToolUITests.xctest */,
			);
			name = Products;
			sourceTree = "<group>";
		};
		85F33DD924B976A7000F4732 /* PaymentTool */ = {
			isa = PBXGroup;
			children = (
				85F33DE824B976A9000F4732 /* Info.plist */,
				85F33DDA24B976A7000F4732 /* AppDelegate.swift */,
				85F33DDC24B976A7000F4732 /* SceneDelegate.swift */,
				85F33DE324B976A9000F4732 /* Assets.xcassets */,
				85EB4ED224B978DB0080E85B /* Contracts */,
				85BBF62324C1107E001092B4 /* Extensions */,
				85F33DE524B976A9000F4732 /* LaunchScreen.storyboard */,
				85F33DE024B976A7000F4732 /* Main.storyboard */,
				85EB4ED024B9788B0080E85B /* Screens */,
				85EB4ED124B978970080E85B /* SupportingObjects */,
				855A4E0924C237AD00924233 /* Workers */,
			);
			path = PaymentTool;
			sourceTree = "<group>";
		};
		85F33DF024B976A9000F4732 /* PaymentToolTests */ = {
			isa = PBXGroup;
			children = (
				85F33DF324B976A9000F4732 /* Info.plist */,
				85E1887724BE26DD0020679A /* EnpointsTests.swift */,
			);
			path = PaymentToolTests;
			sourceTree = "<group>";
		};
		85F33DFB24B976A9000F4732 /* PaymentToolUITests */ = {
			isa = PBXGroup;
			children = (
				85F33DFC24B976A9000F4732 /* SwiftVIPBaseProjectUITests.swift */,
				85F33DFE24B976A9000F4732 /* Info.plist */,
			);
			path = PaymentToolUITests;
			sourceTree = "<group>";
		};
/* End PBXGroup section */

/* Begin PBXNativeTarget section */
		85F33DD624B976A7000F4732 /* PaymentTool */ = {
			isa = PBXNativeTarget;
			buildConfigurationList = 85F33E0124B976A9000F4732 /* Build configuration list for PBXNativeTarget "PaymentTool" */;
			buildPhases = (
				85EE851524B9869C00F8C386 /* SwiftLint Script */,
				85F33DD324B976A7000F4732 /* Sources */,
				85F33DD424B976A7000F4732 /* Frameworks */,
				85F33DD524B976A7000F4732 /* Resources */,
			);
			buildRules = (
			);
			dependencies = (
			);
			name = PaymentTool;
			productName = SwiftVIPBaseProject;
			productReference = 85F33DD724B976A7000F4732 /* PaymentTool.app */;
			productType = "com.apple.product-type.application";
		};
		85F33DEC24B976A9000F4732 /* PaymentToolTests */ = {
			isa = PBXNativeTarget;
			buildConfigurationList = 85F33E0424B976A9000F4732 /* Build configuration list for PBXNativeTarget "PaymentToolTests" */;
			buildPhases = (
				85F33DE924B976A9000F4732 /* Sources */,
				85F33DEA24B976A9000F4732 /* Frameworks */,
				85F33DEB24B976A9000F4732 /* Resources */,
			);
			buildRules = (
			);
			dependencies = (
				85F33DEF24B976A9000F4732 /* PBXTargetDependency */,
			);
			name = PaymentToolTests;
			productName = SwiftVIPBaseProjectTests;
			productReference = 85F33DED24B976A9000F4732 /* PaymentToolTests.xctest */;
			productType = "com.apple.product-type.bundle.unit-test";
		};
		85F33DF724B976A9000F4732 /* PaymentToolUITests */ = {
			isa = PBXNativeTarget;
			buildConfigurationList = 85F33E0724B976A9000F4732 /* Build configuration list for PBXNativeTarget "PaymentToolUITests" */;
			buildPhases = (
				85F33DF424B976A9000F4732 /* Sources */,
				85F33DF524B976A9000F4732 /* Frameworks */,
				85F33DF624B976A9000F4732 /* Resources */,
			);
			buildRules = (
			);
			dependencies = (
				85F33DFA24B976A9000F4732 /* PBXTargetDependency */,
			);
			name = PaymentToolUITests;
			productName = SwiftVIPBaseProjectUITests;
			productReference = 85F33DF824B976A9000F4732 /* PaymentToolUITests.xctest */;
			productType = "com.apple.product-type.bundle.ui-testing";
		};
/* End PBXNativeTarget section */

/* Begin PBXProject section */
		85F33DCF24B976A7000F4732 /* Project object */ = {
			isa = PBXProject;
			attributes = {
				LastSwiftUpdateCheck = 1150;
				LastUpgradeCheck = 1150;
				ORGANIZATIONNAME = "Boris Sortino";
				TargetAttributes = {
					85F33DD624B976A7000F4732 = {
						CreatedOnToolsVersion = 11.5;
					};
					85F33DEC24B976A9000F4732 = {
						CreatedOnToolsVersion = 11.5;
						LastSwiftMigration = 1150;
						TestTargetID = 85F33DD624B976A7000F4732;
					};
					85F33DF724B976A9000F4732 = {
						CreatedOnToolsVersion = 11.5;
						TestTargetID = 85F33DD624B976A7000F4732;
					};
				};
			};
			buildConfigurationList = 85F33DD224B976A7000F4732 /* Build configuration list for PBXProject "PaymentTool" */;
			compatibilityVersion = "Xcode 9.3";
			developmentRegion = en;
			hasScannedForEncodings = 0;
			knownRegions = (
				en,
				Base,
			);
			mainGroup = 85F33DCE24B976A7000F4732;
			productRefGroup = 85F33DD824B976A7000F4732 /* Products */;
			projectDirPath = "";
			projectRoot = "";
			targets = (
				85F33DD624B976A7000F4732 /* PaymentTool */,
				85F33DEC24B976A9000F4732 /* PaymentToolTests */,
				85F33DF724B976A9000F4732 /* PaymentToolUITests */,
			);
		};
/* End PBXProject section */

/* Begin PBXResourcesBuildPhase section */
		85F33DD524B976A7000F4732 /* Resources */ = {
			isa = PBXResourcesBuildPhase;
			buildActionMask = 2147483647;
			files = (
				85F33DE724B976A9000F4732 /* LaunchScreen.storyboard in Resources */,
				855F144824BF4CBF00E94E23 /* PaymentMethodsView.xib in Resources */,
				85F33DE424B976A9000F4732 /* Assets.xcassets in Resources */,
				855F143924BF4B9400E94E23 /* AmountView.xib in Resources */,
				855F144D24BF4D1700E94E23 /* SuccessView.xib in Resources */,
				85F33DE224B976A7000F4732 /* Main.storyboard in Resources */,
				855F144224BF4C5E00E94E23 /* InstallmentsView.xib in Resources */,
				855901E124BFA93A004676D2 /* ConfirmView.xib in Resources */,
				855F143F24BF4C3300E94E23 /* BanksView.xib in Resources */,
				855901E524BFA966004676D2 /* ErrorView.xib in Resources */,
				859EB4A524C223A800C1DC31 /* MainNavigationBar.xib in Resources */,
			);
			runOnlyForDeploymentPostprocessing = 0;
		};
		85F33DEB24B976A9000F4732 /* Resources */ = {
			isa = PBXResourcesBuildPhase;
			buildActionMask = 2147483647;
			files = (
			);
			runOnlyForDeploymentPostprocessing = 0;
		};
		85F33DF624B976A9000F4732 /* Resources */ = {
			isa = PBXResourcesBuildPhase;
			buildActionMask = 2147483647;
			files = (
			);
			runOnlyForDeploymentPostprocessing = 0;
		};
/* End PBXResourcesBuildPhase section */

/* Begin PBXShellScriptBuildPhase section */
		85EE851524B9869C00F8C386 /* SwiftLint Script */ = {
			isa = PBXShellScriptBuildPhase;
			buildActionMask = 2147483647;
			files = (
			);
			inputFileListPaths = (
			);
			inputPaths = (
			);
			name = "SwiftLint Script";
			outputFileListPaths = (
			);
			outputPaths = (
			);
			runOnlyForDeploymentPostprocessing = 0;
			shellPath = /bin/sh;
			shellScript = "if which swiftlint >/dev/null; then\n  swiftlint\nelse\n  echo \"warning: SwiftLint not installed, download from https://github.com/realm/SwiftLint\"\nfi\n";
		};
/* End PBXShellScriptBuildPhase section */

/* Begin PBXSourcesBuildPhase section */
		85F33DD324B976A7000F4732 /* Sources */ = {
			isa = PBXSourcesBuildPhase;
			buildActionMask = 2147483647;
			files = (
				85BBF62524C110C3001092B4 /* URLSession+extension.swift in Sources */,
				855A4E0D24C2381E00924233 /* Worker.swift in Sources */,
				855F144624BF4CAE00E94E23 /* PaymentMethodsView.swift in Sources */,
				85EB4ED624B979560080E85B /* Architecture.swift in Sources */,
				855901E324BFA956004676D2 /* ErrorView.swift in Sources */,
				85690E0D24C10D7D00C84078 /* PaymentMethodsDataModel.swift in Sources */,
				855F144B24BF4CFF00E94E23 /* SuccessView.swift in Sources */,
				85EB4ED824B979B20080E85B /* MainContracts.swift in Sources */,
				85EE851A24B98B2C00F8C386 /* MainModels.swift in Sources */,
				856D112024BFD8AC00BC5785 /* Hideable.swift in Sources */,
				855901DF24BFA927004676D2 /* ConfirmView.swift in Sources */,
				85F33DDF24B976A7000F4732 /* MainViewController.swift in Sources */,
				853D01AD24BD08AE00B96111 /* KeysConstants.swift in Sources */,
				855F143B24BF4BB500E94E23 /* AmountView.swift in Sources */,
				855F143D24BF4C2100E94E23 /* BanksView.swift in Sources */,
				852BED5524C22AA50073E9E7 /* MainNavigationBarDelegate.swift in Sources */,
				85EE851224B9830C00F8C386 /* MainPresenter.swift in Sources */,
				85EE851024B9828E00F8C386 /* MainInteractor.swift in Sources */,
				856D111E24BFD17C00BC5785 /* NibLoadable.swift in Sources */,
				85F33DDB24B976A7000F4732 /* AppDelegate.swift in Sources */,
				85F33DDD24B976A7000F4732 /* SceneDelegate.swift in Sources */,
				855F144424BF4C7A00E94E23 /* InstallmentsView.swift in Sources */,
				855A4E0F24C2385C00924233 /* PaymentMethodsWorker.swift in Sources */,
				85EB4EDA24B97AAA0080E85B /* MainConfigurator.swift in Sources */,
				853D01AF24BD092600B96111 /* Endpoints.swift in Sources */,
				859EB4A724C228B400C1DC31 /* MainNavigationBar.swift in Sources */,
				85EE851424B983BF00F8C386 /* MainRouter.swift in Sources */,
			);
			runOnlyForDeploymentPostprocessing = 0;
		};
		85F33DE924B976A9000F4732 /* Sources */ = {
			isa = PBXSourcesBuildPhase;
			buildActionMask = 2147483647;
			files = (
				85E1887824BE26DD0020679A /* EnpointsTests.swift in Sources */,
			);
			runOnlyForDeploymentPostprocessing = 0;
		};
		85F33DF424B976A9000F4732 /* Sources */ = {
			isa = PBXSourcesBuildPhase;
			buildActionMask = 2147483647;
			files = (
				85F33DFD24B976A9000F4732 /* SwiftVIPBaseProjectUITests.swift in Sources */,
			);
			runOnlyForDeploymentPostprocessing = 0;
		};
/* End PBXSourcesBuildPhase section */

/* Begin PBXTargetDependency section */
		85F33DEF24B976A9000F4732 /* PBXTargetDependency */ = {
			isa = PBXTargetDependency;
			target = 85F33DD624B976A7000F4732 /* PaymentTool */;
			targetProxy = 85F33DEE24B976A9000F4732 /* PBXContainerItemProxy */;
		};
		85F33DFA24B976A9000F4732 /* PBXTargetDependency */ = {
			isa = PBXTargetDependency;
			target = 85F33DD624B976A7000F4732 /* PaymentTool */;
			targetProxy = 85F33DF924B976A9000F4732 /* PBXContainerItemProxy */;
		};
/* End PBXTargetDependency section */

/* Begin PBXVariantGroup section */
		85F33DE024B976A7000F4732 /* Main.storyboard */ = {
			isa = PBXVariantGroup;
			children = (
				85F33DE124B976A7000F4732 /* Base */,
			);
			name = Main.storyboard;
			sourceTree = "<group>";
		};
		85F33DE524B976A9000F4732 /* LaunchScreen.storyboard */ = {
			isa = PBXVariantGroup;
			children = (
				85F33DE624B976A9000F4732 /* Base */,
			);
			name = LaunchScreen.storyboard;
			sourceTree = "<group>";
		};
/* End PBXVariantGroup section */

/* Begin XCBuildConfiguration section */
		85F33DFF24B976A9000F4732 /* Debug */ = {
			isa = XCBuildConfiguration;
			buildSettings = {
				ALWAYS_SEARCH_USER_PATHS = NO;
				CLANG_ANALYZER_NONNULL = YES;
				CLANG_ANALYZER_NUMBER_OBJECT_CONVERSION = YES_AGGRESSIVE;
				CLANG_CXX_LANGUAGE_STANDARD = "gnu++14";
				CLANG_CXX_LIBRARY = "libc++";
				CLANG_ENABLE_MODULES = YES;
				CLANG_ENABLE_OBJC_ARC = YES;
				CLANG_ENABLE_OBJC_WEAK = YES;
				CLANG_WARN_BLOCK_CAPTURE_AUTORELEASING = YES;
				CLANG_WARN_BOOL_CONVERSION = YES;
				CLANG_WARN_COMMA = YES;
				CLANG_WARN_CONSTANT_CONVERSION = YES;
				CLANG_WARN_DEPRECATED_OBJC_IMPLEMENTATIONS = YES;
				CLANG_WARN_DIRECT_OBJC_ISA_USAGE = YES_ERROR;
				CLANG_WARN_DOCUMENTATION_COMMENTS = YES;
				CLANG_WARN_EMPTY_BODY = YES;
				CLANG_WARN_ENUM_CONVERSION = YES;
				CLANG_WARN_INFINITE_RECURSION = YES;
				CLANG_WARN_INT_CONVERSION = YES;
				CLANG_WARN_NON_LITERAL_NULL_CONVERSION = YES;
				CLANG_WARN_OBJC_IMPLICIT_RETAIN_SELF = YES;
				CLANG_WARN_OBJC_LITERAL_CONVERSION = YES;
				CLANG_WARN_OBJC_ROOT_CLASS = YES_ERROR;
				CLANG_WARN_RANGE_LOOP_ANALYSIS = YES;
				CLANG_WARN_STRICT_PROTOTYPES = YES;
				CLANG_WARN_SUSPICIOUS_MOVE = YES;
				CLANG_WARN_UNGUARDED_AVAILABILITY = YES_AGGRESSIVE;
				CLANG_WARN_UNREACHABLE_CODE = YES;
				CLANG_WARN__DUPLICATE_METHOD_MATCH = YES;
				COPY_PHASE_STRIP = NO;
				DEBUG_INFORMATION_FORMAT = dwarf;
				ENABLE_STRICT_OBJC_MSGSEND = YES;
				ENABLE_TESTABILITY = YES;
				GCC_C_LANGUAGE_STANDARD = gnu11;
				GCC_DYNAMIC_NO_PIC = NO;
				GCC_NO_COMMON_BLOCKS = YES;
				GCC_OPTIMIZATION_LEVEL = 0;
				GCC_PREPROCESSOR_DEFINITIONS = (
					"DEBUG=1",
					"$(inherited)",
				);
				GCC_WARN_64_TO_32_BIT_CONVERSION = YES;
				GCC_WARN_ABOUT_RETURN_TYPE = YES_ERROR;
				GCC_WARN_UNDECLARED_SELECTOR = YES;
				GCC_WARN_UNINITIALIZED_AUTOS = YES_AGGRESSIVE;
				GCC_WARN_UNUSED_FUNCTION = YES;
				GCC_WARN_UNUSED_VARIABLE = YES;
				IPHONEOS_DEPLOYMENT_TARGET = 13.5;
				MTL_ENABLE_DEBUG_INFO = INCLUDE_SOURCE;
				MTL_FAST_MATH = YES;
				ONLY_ACTIVE_ARCH = YES;
				SDKROOT = iphoneos;
				SWIFT_ACTIVE_COMPILATION_CONDITIONS = DEBUG;
				SWIFT_OPTIMIZATION_LEVEL = "-Onone";
			};
			name = Debug;
		};
		85F33E0024B976A9000F4732 /* Release */ = {
			isa = XCBuildConfiguration;
			buildSettings = {
				ALWAYS_SEARCH_USER_PATHS = NO;
				CLANG_ANALYZER_NONNULL = YES;
				CLANG_ANALYZER_NUMBER_OBJECT_CONVERSION = YES_AGGRESSIVE;
				CLANG_CXX_LANGUAGE_STANDARD = "gnu++14";
				CLANG_CXX_LIBRARY = "libc++";
				CLANG_ENABLE_MODULES = YES;
				CLANG_ENABLE_OBJC_ARC = YES;
				CLANG_ENABLE_OBJC_WEAK = YES;
				CLANG_WARN_BLOCK_CAPTURE_AUTORELEASING = YES;
				CLANG_WARN_BOOL_CONVERSION = YES;
				CLANG_WARN_COMMA = YES;
				CLANG_WARN_CONSTANT_CONVERSION = YES;
				CLANG_WARN_DEPRECATED_OBJC_IMPLEMENTATIONS = YES;
				CLANG_WARN_DIRECT_OBJC_ISA_USAGE = YES_ERROR;
				CLANG_WARN_DOCUMENTATION_COMMENTS = YES;
				CLANG_WARN_EMPTY_BODY = YES;
				CLANG_WARN_ENUM_CONVERSION = YES;
				CLANG_WARN_INFINITE_RECURSION = YES;
				CLANG_WARN_INT_CONVERSION = YES;
				CLANG_WARN_NON_LITERAL_NULL_CONVERSION = YES;
				CLANG_WARN_OBJC_IMPLICIT_RETAIN_SELF = YES;
				CLANG_WARN_OBJC_LITERAL_CONVERSION = YES;
				CLANG_WARN_OBJC_ROOT_CLASS = YES_ERROR;
				CLANG_WARN_RANGE_LOOP_ANALYSIS = YES;
				CLANG_WARN_STRICT_PROTOTYPES = YES;
				CLANG_WARN_SUSPICIOUS_MOVE = YES;
				CLANG_WARN_UNGUARDED_AVAILABILITY = YES_AGGRESSIVE;
				CLANG_WARN_UNREACHABLE_CODE = YES;
				CLANG_WARN__DUPLICATE_METHOD_MATCH = YES;
				COPY_PHASE_STRIP = NO;
				DEBUG_INFORMATION_FORMAT = "dwarf-with-dsym";
				ENABLE_NS_ASSERTIONS = NO;
				ENABLE_STRICT_OBJC_MSGSEND = YES;
				GCC_C_LANGUAGE_STANDARD = gnu11;
				GCC_NO_COMMON_BLOCKS = YES;
				GCC_WARN_64_TO_32_BIT_CONVERSION = YES;
				GCC_WARN_ABOUT_RETURN_TYPE = YES_ERROR;
				GCC_WARN_UNDECLARED_SELECTOR = YES;
				GCC_WARN_UNINITIALIZED_AUTOS = YES_AGGRESSIVE;
				GCC_WARN_UNUSED_FUNCTION = YES;
				GCC_WARN_UNUSED_VARIABLE = YES;
				IPHONEOS_DEPLOYMENT_TARGET = 13.5;
				MTL_ENABLE_DEBUG_INFO = NO;
				MTL_FAST_MATH = YES;
				SDKROOT = iphoneos;
				SWIFT_COMPILATION_MODE = wholemodule;
				SWIFT_OPTIMIZATION_LEVEL = "-O";
				VALIDATE_PRODUCT = YES;
			};
			name = Release;
		};
		85F33E0224B976A9000F4732 /* Debug */ = {
			isa = XCBuildConfiguration;
			buildSettings = {
				ASSETCATALOG_COMPILER_APPICON_NAME = AppIcon;
				CODE_SIGN_STYLE = Automatic;
				DEVELOPMENT_TEAM = A2K8AKR8G9;
				INFOPLIST_FILE = "$(SRCROOT)/PaymentTool/Info.plist";
				LD_RUNPATH_SEARCH_PATHS = (
					"$(inherited)",
					"@executable_path/Frameworks",
				);
				PRODUCT_BUNDLE_IDENTIFIER = "${PRODUCT_NAME}";
				PRODUCT_NAME = "$(TARGET_NAME)";
				SWIFT_VERSION = 5.0;
				TARGETED_DEVICE_FAMILY = 1;
			};
			name = Debug;
		};
		85F33E0324B976A9000F4732 /* Release */ = {
			isa = XCBuildConfiguration;
			buildSettings = {
				ASSETCATALOG_COMPILER_APPICON_NAME = AppIcon;
				CODE_SIGN_STYLE = Automatic;
				DEVELOPMENT_TEAM = A2K8AKR8G9;
				INFOPLIST_FILE = "$(SRCROOT)/PaymentTool/Info.plist";
				LD_RUNPATH_SEARCH_PATHS = (
					"$(inherited)",
					"@executable_path/Frameworks",
				);
				PRODUCT_BUNDLE_IDENTIFIER = "${PRODUCT_NAME}";
				PRODUCT_NAME = "$(TARGET_NAME)";
				SWIFT_VERSION = 5.0;
				TARGETED_DEVICE_FAMILY = 1;
			};
			name = Release;
		};
		85F33E0524B976A9000F4732 /* Debug */ = {
			isa = XCBuildConfiguration;
			buildSettings = {
				ALWAYS_EMBED_SWIFT_STANDARD_LIBRARIES = YES;
				BUNDLE_LOADER = "$(TEST_HOST)";
				CLANG_ENABLE_MODULES = YES;
				CODE_SIGN_STYLE = Automatic;
				INFOPLIST_FILE = PaymentToolTests/Info.plist;
				IPHONEOS_DEPLOYMENT_TARGET = 13.5;
				LD_RUNPATH_SEARCH_PATHS = (
					"$(inherited)",
					"@executable_path/Frameworks",
					"@loader_path/Frameworks",
				);
				PRODUCT_BUNDLE_IDENTIFIER = vigotskij.PaymentToolTests;
				PRODUCT_NAME = "$(TARGET_NAME)";
				SWIFT_OPTIMIZATION_LEVEL = "-Onone";
				SWIFT_VERSION = 5.0;
				TARGETED_DEVICE_FAMILY = "1,2";
				TEST_HOST = "$(BUILT_PRODUCTS_DIR)/PaymentTool.app/PaymentTool";
			};
			name = Debug;
		};
		85F33E0624B976A9000F4732 /* Release */ = {
			isa = XCBuildConfiguration;
			buildSettings = {
				ALWAYS_EMBED_SWIFT_STANDARD_LIBRARIES = YES;
				BUNDLE_LOADER = "$(TEST_HOST)";
				CLANG_ENABLE_MODULES = YES;
				CODE_SIGN_STYLE = Automatic;
				INFOPLIST_FILE = PaymentToolTests/Info.plist;
				IPHONEOS_DEPLOYMENT_TARGET = 13.5;
				LD_RUNPATH_SEARCH_PATHS = (
					"$(inherited)",
					"@executable_path/Frameworks",
					"@loader_path/Frameworks",
				);
				PRODUCT_BUNDLE_IDENTIFIER = vigotskij.PaymentToolTests;
				PRODUCT_NAME = "$(TARGET_NAME)";
				SWIFT_VERSION = 5.0;
				TARGETED_DEVICE_FAMILY = "1,2";
				TEST_HOST = "$(BUILT_PRODUCTS_DIR)/PaymentTool.app/PaymentTool";
			};
			name = Release;
		};
		85F33E0824B976A9000F4732 /* Debug */ = {
			isa = XCBuildConfiguration;
			buildSettings = {
				ALWAYS_EMBED_SWIFT_STANDARD_LIBRARIES = YES;
				CODE_SIGN_STYLE = Automatic;
				INFOPLIST_FILE = PaymentToolUITests/Info.plist;
				LD_RUNPATH_SEARCH_PATHS = (
					"$(inherited)",
					"@executable_path/Frameworks",
					"@loader_path/Frameworks",
				);
				PRODUCT_BUNDLE_IDENTIFIER = vigotskij.PaymentToolUITests;
				PRODUCT_NAME = "$(TARGET_NAME)";
				SWIFT_VERSION = 5.0;
				TARGETED_DEVICE_FAMILY = "1,2";
				TEST_TARGET_NAME = SwiftVIPBaseProject;
			};
			name = Debug;
		};
		85F33E0924B976A9000F4732 /* Release */ = {
			isa = XCBuildConfiguration;
			buildSettings = {
				ALWAYS_EMBED_SWIFT_STANDARD_LIBRARIES = YES;
				CODE_SIGN_STYLE = Automatic;
				INFOPLIST_FILE = PaymentToolUITests/Info.plist;
				LD_RUNPATH_SEARCH_PATHS = (
					"$(inherited)",
					"@executable_path/Frameworks",
					"@loader_path/Frameworks",
				);
				PRODUCT_BUNDLE_IDENTIFIER = vigotskij.PaymentToolUITests;
				PRODUCT_NAME = "$(TARGET_NAME)";
				SWIFT_VERSION = 5.0;
				TARGETED_DEVICE_FAMILY = "1,2";
				TEST_TARGET_NAME = SwiftVIPBaseProject;
			};
			name = Release;
		};
/* End XCBuildConfiguration section */

/* Begin XCConfigurationList section */
		85F33DD224B976A7000F4732 /* Build configuration list for PBXProject "PaymentTool" */ = {
			isa = XCConfigurationList;
			buildConfigurations = (
				85F33DFF24B976A9000F4732 /* Debug */,
				85F33E0024B976A9000F4732 /* Release */,
			);
			defaultConfigurationIsVisible = 0;
			defaultConfigurationName = Release;
		};
		85F33E0124B976A9000F4732 /* Build configuration list for PBXNativeTarget "PaymentTool" */ = {
			isa = XCConfigurationList;
			buildConfigurations = (
				85F33E0224B976A9000F4732 /* Debug */,
				85F33E0324B976A9000F4732 /* Release */,
			);
			defaultConfigurationIsVisible = 0;
			defaultConfigurationName = Release;
		};
		85F33E0424B976A9000F4732 /* Build configuration list for PBXNativeTarget "PaymentToolTests" */ = {
			isa = XCConfigurationList;
			buildConfigurations = (
				85F33E0524B976A9000F4732 /* Debug */,
				85F33E0624B976A9000F4732 /* Release */,
			);
			defaultConfigurationIsVisible = 0;
			defaultConfigurationName = Release;
		};
		85F33E0724B976A9000F4732 /* Build configuration list for PBXNativeTarget "PaymentToolUITests" */ = {
			isa = XCConfigurationList;
			buildConfigurations = (
				85F33E0824B976A9000F4732 /* Debug */,
				85F33E0924B976A9000F4732 /* Release */,
			);
			defaultConfigurationIsVisible = 0;
			defaultConfigurationName = Release;
		};
/* End XCConfigurationList section */
	};
	rootObject = 85F33DCF24B976A7000F4732 /* Project object */;
}
